{
	"name": "pi-dev-kit",
	"version": "0.2.0",
	"lockfileVersion": 3,
	"requires": true,
	"packages": {
		"": {
			"name": "pi-dev-kit",
			"version": "0.2.0",
			"license": "MIT",
			"dependencies": {
				"@aliou/pi-utils-ui": "^0.2.1",
				"typebox": "^1.1.24"
			},
			"peerDependencies": {
				"@mariozechner/pi-coding-agent": "*",
				"@mariozechner/pi-tui": "*"
			},
			"peerDependenciesMeta": {
				"@mariozechner/pi-coding-agent": {
					"optional": true
				},
				"@mariozechner/pi-tui": {
					"optional": true
				}
			}
		},
		"node_modules/@aliou/pi-utils-ui": {
			"version": "0.2.1",
			"resolved": "https://registry.npmjs.org/@aliou/pi-utils-ui/-/pi-utils-ui-0.2.1.tgz",
			"integrity": "sha512-Q5R0Y+y5VeMDCqu8ofJQ+uj6J2XZBmYeK+ggl0brxGr3lE8jL/Zc/3IeA8BH0eT2HKGlo9sASCowBBcLq9SVuw==",
			"license": "MIT",
			"peerDependencies": {
				"@mariozechner/pi-coding-agent": ">=0.61.0 <1",
				"@mariozechner/pi-tui": ">=0.61.0 <1"
			},
			"peerDependenciesMeta": {
				"@mariozechner/pi-coding-agent": {
					"optional": true
				},
				"@mariozechner/pi-tui": {
					"optional": true
				}
			}
		},
		"node_modules/typebox": {
			"version": "1.1.36",
			"resolved": "https://registry.npmjs.org/typebox/-/typebox-1.1.36.tgz",
			"integrity": "sha512-aGbdGqjFiCYy7XAe4+KUz53N2fB2ngumD1nImL2n6Hv0Tf8+bqx8k1DP+dOu3mLg3hOHbdl9K+2i7jomfYDk9A==",
			"license": "MIT"
		}
	}
}
